// !$*UTF8*$!
{
	archiveVersion = 1;
	classes = {
	};
	objectVersion = 60;
	objects = {

/* Begin PBXBuildFile section */
		1100000100000000000000F1 /* PortfolioModels.swift in Sources */ = {isa = PBXBuildFile; fileRef = 1100000100000000000000A1 /* PortfolioModels.swift */; };
		1100000100000000000000F3 /* PortfolioHeroView.swift in Sources */ = {isa = PBXBuildFile; fileRef = 1100000100000000000000A3 /* PortfolioHeroView.swift */; };
		1100000100000000000000F4 /* CollectorIdentityCard.swift in Sources */ = {isa = PBXBuildFile; fileRef = 1100000100000000000000A4 /* CollectorIdentityCard.swift */; };
		1100000100000000000000F5 /* PortfolioCompositionView.swift in Sources */ = {isa = PBXBuildFile; fileRef = 1100000100000000000000A5 /* PortfolioCompositionView.swift */; };
		1100000100000000000000F6 /* TopHoldingsView.swift in Sources */ = {isa = PBXBuildFile; fileRef = 1100000100000000000000A6 /* TopHoldingsView.swift */; };
		1100000100000000000000F7 /* PortfolioInsightView.swift in Sources */ = {isa = PBXBuildFile; fileRef = 1100000100000000000000A7 /* PortfolioInsightView.swift */; };
		1100000100000000000000F8 /* PortfolioEmptyStateView.swift in Sources */ = {isa = PBXBuildFile; fileRef = 1100000100000000000000A8 /* PortfolioEmptyStateView.swift */; };
		1200000100000000000000F1 /* PortfolioValueChart.swift in Sources */ = {isa = PBXBuildFile; fileRef = 1200000100000000000000A1 /* PortfolioValueChart.swift */; };
		1200000100000000000000F2 /* InsightsUnlockProgress.swift in Sources */ = {isa = PBXBuildFile; fileRef = 1200000100000000000000A2 /* InsightsUnlockProgress.swift */; };
		1200000100000000000000F3 /* PortfolioCardGridCell.swift in Sources */ = {isa = PBXBuildFile; fileRef = 1200000100000000000000A3 /* PortfolioCardGridCell.swift */; };
		9DB745292F91E43300AD2083 /* Nuke in Frameworks */ = {isa = PBXBuildFile; productRef = 9DB745282F91E43300AD2083 /* Nuke */; };
		9DB7452B2F91E43300AD2083 /* NukeExtensions in Frameworks */ = {isa = PBXBuildFile; productRef = 9DB7452A2F91E43300AD2083 /* NukeExtensions */; };
		9DB7452D2F91E43300AD2083 /* NukeUI in Frameworks */ = {isa = PBXBuildFile; productRef = 9DB7452C2F91E43300AD2083 /* NukeUI */; };
		9DB7452F2F91E43300AD2083 /* NukeVideo in Frameworks */ = {isa = PBXBuildFile; productRef = 9DB7452E2F91E43300AD2083 /* NukeVideo */; };
		AA000001000000000000000A /* PopAlphaApp.swift in Sources */ = {isa = PBXBuildFile; fileRef = AA00000100000000000000A1 /* PopAlphaApp.swift */; };
		AA000001000000000000000B /* ContentView.swift in Sources */ = {isa = PBXBuildFile; fileRef = AA00000100000000000000A2 /* ContentView.swift */; };
		AA000001000000000000000C /* Theme.swift in Sources */ = {isa = PBXBuildFile; fileRef = AA00000100000000000000A3 /* Theme.swift */; };
		AA000001000000000000000D /* AppModels.swift in Sources */ = {isa = PBXBuildFile; fileRef = AA00000100000000000000A4 /* AppModels.swift */; };
		AA000001000000000000000E /* MarketplaceView.swift in Sources */ = {isa = PBXBuildFile; fileRef = AA00000100000000000000A5 /* MarketplaceView.swift */; };
		AA000001000000000000000F /* CardDetailView.swift in Sources */ = {isa = PBXBuildFile; fileRef = AA00000100000000000000A6 /* CardDetailView.swift */; };
		AA00000100000000000000A0 /* ScannerTabView.swift in Sources */ = {isa = PBXBuildFile; fileRef = AA00000100000000000000A7 /* ScannerTabView.swift */; };
		AA00000100000000000000B0 /* CardCell.swift in Sources */ = {isa = PBXBuildFile; fileRef = AA00000100000000000000A8 /* CardCell.swift */; };
		AA00000100000000000000C0 /* SparklineView.swift in Sources */ = {isa = PBXBuildFile; fileRef = AA00000100000000000000A9 /* SparklineView.swift */; };
		AA00000100000000000000D0 /* Assets.xcassets in Resources */ = {isa = PBXBuildFile; fileRef = AA00000100000000000000B1 /* Assets.xcassets */; };
		AA00000100000000000000D2 /* SupabaseClient.swift in Sources */ = {isa = PBXBuildFile; fileRef = AA00000100000000000000D4 /* SupabaseClient.swift */; };
		AA00000100000000000000D3 /* CardService.swift in Sources */ = {isa = PBXBuildFile; fileRef = AA00000100000000000000D5 /* CardService.swift */; };
		AA00000100000000000000D6 /* InteractiveChartView.swift in Sources */ = {isa = PBXBuildFile; fileRef = AA00000100000000000000D7 /* InteractiveChartView.swift */; };
		AA00000100000000000000E0 /* Preview Assets.xcassets in Resources */ = {isa = PBXBuildFile; fileRef = AA00000100000000000000B2 /* Preview Assets.xcassets */; };
		AA00000100000000000000E5 /* ActivityService.swift in Sources */ = {isa = PBXBuildFile; fileRef = AA00000100000000000000E8 /* ActivityService.swift */; };
		AA00000100000000000000E6 /* ActivityFeedView.swift in Sources */ = {isa = PBXBuildFile; fileRef = AA00000100000000000000E9 /* ActivityFeedView.swift */; };
		AA00000100000000000000E7 /* ActivityEventCell.swift in Sources */ = {isa = PBXBuildFile; fileRef = AA00000100000000000000EA /* ActivityEventCell.swift */; };
		AA00000100000000000000EB /* WishlistService.swift in Sources */ = {isa = PBXBuildFile; fileRef = AA00000100000000000000EC /* WishlistService.swift */; };
		BB00000100000000000000F1 /* APIClient.swift in Sources */ = {isa = PBXBuildFile; fileRef = BB00000100000000000000A1 /* APIClient.swift */; };
		BB00000100000000000000F2 /* AuthService.swift in Sources */ = {isa = PBXBuildFile; fileRef = BB00000100000000000000A2 /* AuthService.swift */; };
		BB00000100000000000000F3 /* SearchModels.swift in Sources */ = {isa = PBXBuildFile; fileRef = BB00000100000000000000A3 /* SearchModels.swift */; };
		BB00000100000000000000F4 /* SearchService.swift in Sources */ = {isa = PBXBuildFile; fileRef = BB00000100000000000000A4 /* SearchService.swift */; };
		BB00000100000000000000F5 /* SearchView.swift in Sources */ = {isa = PBXBuildFile; fileRef = BB00000100000000000000A5 /* SearchView.swift */; };
		BB00000100000000000000F6 /* SearchResultCell.swift in Sources */ = {isa = PBXBuildFile; fileRef = BB00000100000000000000A6 /* SearchResultCell.swift */; };
		BB00000100000000000000F7 /* ProfileService.swift in Sources */ = {isa = PBXBuildFile; fileRef = BB00000100000000000000A7 /* ProfileService.swift */; };
		BB00000100000000000000F8 /* NotificationService.swift in Sources */ = {isa = PBXBuildFile; fileRef = BB00000100000000000000A8 /* NotificationService.swift */; };
		BB00000100000000000000F9 /* ActivityCommentSheet.swift in Sources */ = {isa = PBXBuildFile; fileRef = BB00000100000000000000A9 /* ActivityCommentSheet.swift */; };
		BB00000100000000000000FA /* NotificationView.swift in Sources */ = {isa = PBXBuildFile; fileRef = BB00000100000000000000B1 /* NotificationView.swift */; };
		BB00000100000000000000FB /* UserProfileView.swift in Sources */ = {isa = PBXBuildFile; fileRef = BB00000100000000000000B2 /* UserProfileView.swift */; };
		CC00000100000000000000F1 /* HoldingsModels.swift in Sources */ = {isa = PBXBuildFile; fileRef = CC00000100000000000000A1 /* HoldingsModels.swift */; };
		CC00000100000000000000F2 /* HoldingsService.swift in Sources */ = {isa = PBXBuildFile; fileRef = CC00000100000000000000A2 /* HoldingsService.swift */; };
		CC00000100000000000000F3 /* SettingsModels.swift in Sources */ = {isa = PBXBuildFile; fileRef = CC00000100000000000000A3 /* SettingsModels.swift */; };
		CC00000100000000000000F4 /* SettingsService.swift in Sources */ = {isa = PBXBuildFile; fileRef = CC00000100000000000000A4 /* SettingsService.swift */; };
		CC00000100000000000000F5 /* AccountService.swift in Sources */ = {isa = PBXBuildFile; fileRef = CC00000100000000000000A5 /* AccountService.swift */; };
		CC00000100000000000000F6 /* PortfolioView.swift in Sources */ = {isa = PBXBuildFile; fileRef = CC00000100000000000000A6 /* PortfolioView.swift */; };
		CC00000100000000000000F7 /* PortfolioPositionCell.swift in Sources */ = {isa = PBXBuildFile; fileRef = CC00000100000000000000A7 /* PortfolioPositionCell.swift */; };
		CC00000100000000000000F8 /* AddHoldingSheet.swift in Sources */ = {isa = PBXBuildFile; fileRef = CC00000100000000000000A8 /* AddHoldingSheet.swift */; };
		CC00000100000000000000F9 /* WatchlistView.swift in Sources */ = {isa = PBXBuildFile; fileRef = CC00000100000000000000A9 /* WatchlistView.swift */; };
		CC00000100000000000000FA /* WatchlistButton.swift in Sources */ = {isa = PBXBuildFile; fileRef = CC00000100000000000000B1 /* WatchlistButton.swift */; };
		CC00000100000000000000FB /* SettingsView.swift in Sources */ = {isa = PBXBuildFile; fileRef = CC00000100000000000000B2 /* SettingsView.swift */; };
		DD00000100000000000000F1 /* SignalBoardView.swift in Sources */ = {isa = PBXBuildFile; fileRef = DD00000100000000000000A1 /* SignalBoardView.swift */; };
		DD00000100000000000000F2 /* Haptics.swift in Sources */ = {isa = PBXBuildFile; fileRef = DD00000100000000000000A2 /* Haptics.swift */; };
		DD00000100000000000000F3 /* PersonalizationService.swift in Sources */ = {isa = PBXBuildFile; fileRef = DD00000100000000000000A3 /* PersonalizationService.swift */; };
		DD00000100000000000000F4 /* PersonalizedInsightCardView.swift in Sources */ = {isa = PBXBuildFile; fileRef = DD00000100000000000000A4 /* PersonalizedInsightCardView.swift */; };
		DD00000100000000000000F5 /* RationaleChip.swift in Sources */ = {isa = PBXBuildFile; fileRef = DD00000100000000000000A5 /* RationaleChip.swift */; };
		DD00000100000000000000F6 /* PersonalPulseSection.swift in Sources */ = {isa = PBXBuildFile; fileRef = DD00000100000000000000A6 /* PersonalPulseSection.swift */; };
		DD00000100000000000000F7 /* ForYouRail.swift in Sources */ = {isa = PBXBuildFile; fileRef = DD00000100000000000000A7 /* ForYouRail.swift */; };
		DD00000100000000000000F8 /* MarketPulseSection.swift in Sources */ = {isa = PBXBuildFile; fileRef = DD00000100000000000000A8 /* MarketPulseSection.swift */; };
		DD00000100000000000000FB /* PushService.swift in Sources */ = {isa = PBXBuildFile; fileRef = DD00000100000000000000AB /* PushService.swift */; };
		DD00000100000000000000FC /* PushNotificationAppDelegate.swift in Sources */ = {isa = PBXBuildFile; fileRef = DD00000100000000000000AC /* PushNotificationAppDelegate.swift */; };
		DD00000100000000000000FD /* ScanService.swift in Sources */ = {isa = PBXBuildFile; fileRef = DD00000100000000000000AD /* ScanService.swift */; };
		DD00000100000000000000FE /* EditHoldingLotSheet.swift in Sources */ = {isa = PBXBuildFile; fileRef = DD00000100000000000000AE /* EditHoldingLotSheet.swift */; };
		EE00000100000000000000F1 /* PopAlphaCore in Frameworks */ = {isa = PBXBuildFile; productRef = EE00000100000000000000A2 /* PopAlphaCore */; };
		EE00000100000000000000F2 /* SetDetailView.swift in Sources */ = {isa = PBXBuildFile; fileRef = EE00000100000000000000A3 /* SetDetailView.swift */; };
		FF00000100000000000000F1 /* ClerkKit in Frameworks */ = {isa = PBXBuildFile; productRef = FF00000100000000000000A2 /* ClerkKit */; };
/* End PBXBuildFile section */

/* Begin PBXFileReference section */
		1100000100000000000000A1 /* PortfolioModels.swift */ = {isa = PBXFileReference; lastKnownFileType = sourcecode.swift; path = PortfolioModels.swift; sourceTree = "<group>"; };
		1100000100000000000000A3 /* PortfolioHeroView.swift */ = {isa = PBXFileReference; lastKnownFileType = sourcecode.swift; path = PortfolioHeroView.swift; sourceTree = "<group>"; };
		1100000100000000000000A4 /* CollectorIdentityCard.swift */ = {isa = PBXFileReference; lastKnownFileType = sourcecode.swift; path = CollectorIdentityCard.swift; sourceTree = "<group>"; };
		1100000100000000000000A5 /* PortfolioCompositionView.swift */ = {isa = PBXFileReference; lastKnownFileType = sourcecode.swift; path = PortfolioCompositionView.swift; sourceTree = "<group>"; };
		1100000100000000000000A6 /* TopHoldingsView.swift */ = {isa = PBXFileReference; lastKnownFileType = sourcecode.swift; path = TopHoldingsView.swift; sourceTree = "<group>"; };
		1100000100000000000000A7 /* PortfolioInsightView.swift */ = {isa = PBXFileReference; lastKnownFileType = sourcecode.swift; path = PortfolioInsightView.swift; sourceTree = "<group>"; };
		1100000100000000000000A8 /* PortfolioEmptyStateView.swift */ = {isa = PBXFileReference; lastKnownFileType = sourcecode.swift; path = PortfolioEmptyStateView.swift; sourceTree = "<group>"; };
		1200000100000000000000A1 /* PortfolioValueChart.swift */ = {isa = PBXFileReference; lastKnownFileType = sourcecode.swift; path = PortfolioValueChart.swift; sourceTree = "<group>"; };
		1200000100000000000000A2 /* InsightsUnlockProgress.swift */ = {isa = PBXFileReference; lastKnownFileType = sourcecode.swift; path = InsightsUnlockProgress.swift; sourceTree = "<group>"; };
		1200000100000000000000A3 /* PortfolioCardGridCell.swift */ = {isa = PBXFileReference; lastKnownFileType = sourcecode.swift; path = PortfolioCardGridCell.swift; sourceTree = "<group>"; };
		AA00000100000000000000A1 /* PopAlphaApp.swift */ = {isa = PBXFileReference; lastKnownFileType = sourcecode.swift; path = PopAlphaApp.swift; sourceTree = "<group>"; };
		AA00000100000000000000A2 /* ContentView.swift */ = {isa = PBXFileReference; lastKnownFileType = sourcecode.swift; path = ContentView.swift; sourceTree = "<group>"; };
		AA00000100000000000000A3 /* Theme.swift */ = {isa = PBXFileReference; lastKnownFileType = sourcecode.swift; path = Theme.swift; sourceTree = "<group>"; };
		AA00000100000000000000A4 /* AppModels.swift */ = {isa = PBXFileReference; lastKnownFileType = sourcecode.swift; path = AppModels.swift; sourceTree = "<group>"; };
		AA00000100000000000000A5 /* MarketplaceView.swift */ = {isa = PBXFileReference; lastKnownFileType = sourcecode.swift; path = MarketplaceView.swift; sourceTree = "<group>"; };
		AA00000100000000000000A6 /* CardDetailView.swift */ = {isa = PBXFileReference; lastKnownFileType = sourcecode.swift; path = CardDetailView.swift; sourceTree = "<group>"; };
		AA00000100000000000000A7 /* ScannerTabView.swift */ = {isa = PBXFileReference; lastKnownFileType = sourcecode.swift; path = ScannerTabView.swift; sourceTree = "<group>"; };
		AA00000100000000000000A8 /* CardCell.swift */ = {isa = PBXFileReference; lastKnownFileType = sourcecode.swift; path = CardCell.swift; sourceTree = "<group>"; };
		AA00000100000000000000A9 /* SparklineView.swift */ = {isa = PBXFileReference; lastKnownFileType = sourcecode.swift; path = SparklineView.swift; sourceTree = "<group>"; };
		AA00000100000000000000B1 /* Assets.xcassets */ = {isa = PBXFileReference; lastKnownFileType = folder.assetcatalog; path = Assets.xcassets; sourceTree = "<group>"; };
		AA00000100000000000000B2 /* Preview Assets.xcassets */ = {isa = PBXFileReference; lastKnownFileType = folder.assetcatalog; path = "Preview Assets.xcassets"; sourceTree = "<group>"; };
		AA00000100000000000000B3 /* Info.plist */ = {isa = PBXFileReference; lastKnownFileType = text.plist.xml; path = Info.plist; sourceTree = "<group>"; };
		AA00000100000000000000C1 /* PopAlphaApp.app */ = {isa = PBXFileReference; explicitFileType = wrapper.application; includeInIndex = 0; path = PopAlphaApp.app; sourceTree = BUILT_PRODUCTS_DIR; };
		AA00000100000000000000D4 /* SupabaseClient.swift */ = {isa = PBXFileReference; lastKnownFileType = sourcecode.swift; path = SupabaseClient.swift; sourceTree = "<group>"; };
		AA00000100000000000000D5 /* CardService.swift */ = {isa = PBXFileReference; lastKnownFileType = sourcecode.swift; path = CardService.swift; sourceTree = "<group>"; };
		AA00000100000000000000D7 /* InteractiveChartView.swift */ = {isa = PBXFileReference; lastKnownFileType = sourcecode.swift; path = InteractiveChartView.swift; sourceTree = "<group>"; };
		AA00000100000000000000E8 /* ActivityService.swift */ = {isa = PBXFileReference; lastKnownFileType = sourcecode.swift; path = ActivityService.swift; sourceTree = "<group>"; };
		AA00000100000000000000E9 /* ActivityFeedView.swift */ = {isa = PBXFileReference; lastKnownFileType = sourcecode.swift; path = ActivityFeedView.swift; sourceTree = "<group>"; };
		AA00000100000000000000EA /* ActivityEventCell.swift */ = {isa = PBXFileReference; lastKnownFileType = sourcecode.swift; path = ActivityEventCell.swift; sourceTree = "<group>"; };
		AA00000100000000000000EC /* WishlistService.swift */ = {isa = PBXFileReference; lastKnownFileType = sourcecode.swift; path = WishlistService.swift; sourceTree = "<group>"; };
		BB00000100000000000000A1 /* APIClient.swift */ = {isa = PBXFileReference; lastKnownFileType = sourcecode.swift; path = APIClient.swift; sourceTree = "<group>"; };
		BB00000100000000000000A2 /* AuthService.swift */ = {isa = PBXFileReference; lastKnownFileType = sourcecode.swift; path = AuthService.swift; sourceTree = "<group>"; };
		BB00000100000000000000A3 /* SearchModels.swift */ = {isa = PBXFileReference; lastKnownFileType = sourcecode.swift; path = SearchModels.swift; sourceTree = "<group>"; };
		BB00000100000000000000A4 /* SearchService.swift */ = {isa = PBXFileReference; lastKnownFileType = sourcecode.swift; path = SearchService.swift; sourceTree = "<group>"; };
		BB00000100000000000000A5 /* SearchView.swift */ = {isa = PBXFileReference; lastKnownFileType = sourcecode.swift; path = SearchView.swift; sourceTree = "<group>"; };
		BB00000100000000000000A6 /* SearchResultCell.swift */ = {isa = PBXFileReference; lastKnownFileType = sourcecode.swift; path = SearchResultCell.swift; sourceTree = "<group>"; };
		BB00000100000000000000A7 /* ProfileService.swift */ = {isa = PBXFileReference; lastKnownFileType = sourcecode.swift; path = ProfileService.swift; sourceTree = "<group>"; };
		BB00000100000000000000A8 /* NotificationService.swift */ = {isa = PBXFileReference; lastKnownFileType = sourcecode.swift; path = NotificationService.swift; sourceTree = "<group>"; };
		BB00000100000000000000A9 /* ActivityCommentSheet.swift */ = {isa = PBXFileReference; lastKnownFileType = sourcecode.swift; path = ActivityCommentSheet.swift; sourceTree = "<group>"; };
		BB00000100000000000000B1 /* NotificationView.swift */ = {isa = PBXFileReference; lastKnownFileType = sourcecode.swift; path = NotificationView.swift; sourceTree = "<group>"; };
		BB00000100000000000000B2 /* UserProfileView.swift */ = {isa = PBXFileReference; lastKnownFileType = sourcecode.swift; path = UserProfileView.swift; sourceTree = "<group>"; };
		CC00000100000000000000A1 /* HoldingsModels.swift */ = {isa = PBXFileReference; lastKnownFileType = sourcecode.swift; path = HoldingsModels.swift; sourceTree = "<group>"; };
		CC00000100000000000000A2 /* HoldingsService.swift */ = {isa = PBXFileReference; lastKnownFileType = sourcecode.swift; path = HoldingsService.swift; sourceTree = "<group>"; };
		CC00000100000000000000A3 /* SettingsModels.swift */ = {isa = PBXFileReference; lastKnownFileType = sourcecode.swift; path = SettingsModels.swift; sourceTree = "<group>"; };
		CC00000100000000000000A4 /* SettingsService.swift */ = {isa = PBXFileReference; lastKnownFileType = sourcecode.swift; path = SettingsService.swift; sourceTree = "<group>"; };
		CC00000100000000000000A5 /* AccountService.swift */ = {isa = PBXFileReference; lastKnownFileType = sourcecode.swift; path = AccountService.swift; sourceTree = "<group>"; };
		CC00000100000000000000A6 /* PortfolioView.swift */ = {isa = PBXFileReference; lastKnownFileType = sourcecode.swift; path = PortfolioView.swift; sourceTree = "<group>"; };
		CC00000100000000000000A7 /* PortfolioPositionCell.swift */ = {isa = PBXFileReference; lastKnownFileType = sourcecode.swift; path = PortfolioPositionCell.swift; sourceTree = "<group>"; };
		CC00000100000000000000A8 /* AddHoldingSheet.swift */ = {isa = PBXFileReference; lastKnownFileType = sourcecode.swift; path = AddHoldingSheet.swift; sourceTree = "<group>"; };
		CC00000100000000000000A9 /* WatchlistView.swift */ = {isa = PBXFileReference; lastKnownFileType = sourcecode.swift; path = WatchlistView.swift; sourceTree = "<group>"; };
		CC00000100000000000000B1 /* WatchlistButton.swift */ = {isa = PBXFileReference; lastKnownFileType = sourcecode.swift; path = WatchlistButton.swift; sourceTree = "<group>"; };
		CC00000100000000000000B2 /* SettingsView.swift */ = {isa = PBXFileReference; lastKnownFileType = sourcecode.swift; path = SettingsView.swift; sourceTree = "<group>"; };
		DD00000100000000000000A1 /* SignalBoardView.swift */ = {isa = PBXFileReference; lastKnownFileType = sourcecode.swift; path = SignalBoardView.swift; sourceTree = "<group>"; };
		DD00000100000000000000A2 /* Haptics.swift */ = {isa = PBXFileReference; lastKnownFileType = sourcecode.swift; path = Haptics.swift; sourceTree = "<group>"; };
		DD00000100000000000000A3 /* PersonalizationService.swift */ = {isa = PBXFileReference; lastKnownFileType = sourcecode.swift; path = PersonalizationService.swift; sourceTree = "<group>"; };
		DD00000100000000000000A4 /* PersonalizedInsightCardView.swift */ = {isa = PBXFileReference; lastKnownFileType = sourcecode.swift; path = PersonalizedInsightCardView.swift; sourceTree = "<group>"; };
		DD00000100000000000000A5 /* RationaleChip.swift */ = {isa = PBXFileReference; lastKnownFileType = sourcecode.swift; path = RationaleChip.swift; sourceTree = "<group>"; };
		DD00000100000000000000A6 /* PersonalPulseSection.swift */ = {isa = PBXFileReference; lastKnownFileType = sourcecode.swift; path = PersonalPulseSection.swift; sourceTree = "<group>"; };
		DD00000100000000000000A7 /* ForYouRail.swift */ = {isa = PBXFileReference; lastKnownFileType = sourcecode.swift; path = ForYouRail.swift; sourceTree = "<group>"; };
		DD00000100000000000000A8 /* MarketPulseSection.swift */ = {isa = PBXFileReference; lastKnownFileType = sourcecode.swift; path = MarketPulseSection.swift; sourceTree = "<group>"; };
		DD00000100000000000000AA /* PopAlphaApp.entitlements */ = {isa = PBXFileReference; lastKnownFileType = text.plist.entitlements; path = PopAlphaApp.entitlements; sourceTree = "<group>"; };
		DD00000100000000000000AB /* PushService.swift */ = {isa = PBXFileReference; lastKnownFileType = sourcecode.swift; path = PushService.swift; sourceTree = "<group>"; };
		DD00000100000000000000AC /* PushNotificationAppDelegate.swift */ = {isa = PBXFileReference; lastKnownFileType = sourcecode.swift; path = PushNotificationAppDelegate.swift; sourceTree = "<group>"; };
		DD00000100000000000000AD /* ScanService.swift */ = {isa = PBXFileReference; lastKnownFileType = sourcecode.swift; path = ScanService.swift; sourceTree = "<group>"; };
		DD00000100000000000000AE /* EditHoldingLotSheet.swift */ = {isa = PBXFileReference; lastKnownFileType = sourcecode.swift; path = EditHoldingLotSheet.swift; sourceTree = "<group>"; };
		EE00000100000000000000A3 /* SetDetailView.swift */ = {isa = PBXFileReference; lastKnownFileType = sourcecode.swift; path = SetDetailView.swift; sourceTree = "<group>"; };
/* End PBXFileReference section */

/* Begin PBXFrameworksBuildPhase section */
		AA00000100000000000000D1 /* Frameworks */ = {
			isa = PBXFrameworksBuildPhase;
			buildActionMask = 2147483647;
			files = (
				9DB7452D2F91E43300AD2083 /* NukeUI in Frameworks */,
				9DB7452F2F91E43300AD2083 /* NukeVideo in Frameworks */,
				9DB745292F91E43300AD2083 /* Nuke in Frameworks */,
				9DB7452B2F91E43300AD2083 /* NukeExtensions in Frameworks */,
				EE00000100000000000000F1 /* PopAlphaCore in Frameworks */,
				FF00000100000000000000F1 /* ClerkKit in Frameworks */,
			);
			runOnlyForDeploymentPostprocessing = 0;
		};
/* End PBXFrameworksBuildPhase section */

/* Begin PBXGroup section */
		AA00000100000000000000E1 = {
			isa = PBXGroup;
			children = (
				AA00000100000000000000E2 /* PopAlphaApp */,
				AA00000100000000000000E4 /* Products */,
			);
			sourceTree = "<group>";
		};
		AA00000100000000000000E2 /* PopAlphaApp */ = {
			isa = PBXGroup;
			children = (
				AA00000100000000000000A1 /* PopAlphaApp.swift */,
				AA00000100000000000000A2 /* ContentView.swift */,
				AA00000100000000000000A3 /* Theme.swift */,
				AA00000100000000000000A4 /* AppModels.swift */,
				AA00000100000000000000A5 /* MarketplaceView.swift */,
				AA00000100000000000000A6 /* CardDetailView.swift */,
				AA00000100000000000000A7 /* ScannerTabView.swift */,
				AA00000100000000000000A8 /* CardCell.swift */,
				AA00000100000000000000A9 /* SparklineView.swift */,
				AA00000100000000000000D4 /* SupabaseClient.swift */,
				AA00000100000000000000D5 /* CardService.swift */,
				AA00000100000000000000D7 /* InteractiveChartView.swift */,
				AA00000100000000000000E8 /* ActivityService.swift */,
				AA00000100000000000000E9 /* ActivityFeedView.swift */,
				AA00000100000000000000EA /* ActivityEventCell.swift */,
				AA00000100000000000000EC /* WishlistService.swift */,
				BB00000100000000000000A1 /* APIClient.swift */,
				BB00000100000000000000A2 /* AuthService.swift */,
				BB00000100000000000000A3 /* SearchModels.swift */,
				BB00000100000000000000A4 /* SearchService.swift */,
				BB00000100000000000000A5 /* SearchView.swift */,
				BB00000100000000000000A6 /* SearchResultCell.swift */,
				BB00000100000000000000A7 /* ProfileService.swift */,
				BB00000100000000000000A8 /* NotificationService.swift */,
				BB00000100000000000000A9 /* ActivityCommentSheet.swift */,
				BB00000100000000000000B1 /* NotificationView.swift */,
				BB00000100000000000000B2 /* UserProfileView.swift */,
				CC00000100000000000000A1 /* HoldingsModels.swift */,
				CC00000100000000000000A2 /* HoldingsService.swift */,
				CC00000100000000000000A3 /* SettingsModels.swift */,
				CC00000100000000000000A4 /* SettingsService.swift */,
				CC00000100000000000000A5 /* AccountService.swift */,
				CC00000100000000000000A6 /* PortfolioView.swift */,
				CC00000100000000000000A7 /* PortfolioPositionCell.swift */,
				CC00000100000000000000A8 /* AddHoldingSheet.swift */,
				CC00000100000000000000A9 /* WatchlistView.swift */,
				CC00000100000000000000B1 /* WatchlistButton.swift */,
				CC00000100000000000000B2 /* SettingsView.swift */,
				DD00000100000000000000A1 /* SignalBoardView.swift */,
				DD00000100000000000000A2 /* Haptics.swift */,
				DD00000100000000000000A3 /* PersonalizationService.swift */,
				DD00000100000000000000A4 /* PersonalizedInsightCardView.swift */,
				DD00000100000000000000A5 /* RationaleChip.swift */,
				DD00000100000000000000A6 /* PersonalPulseSection.swift */,
				DD00000100000000000000A7 /* ForYouRail.swift */,
				DD00000100000000000000A8 /* MarketPulseSection.swift */,
				DD00000100000000000000AA /* PopAlphaApp.entitlements */,
				DD00000100000000000000AB /* PushService.swift */,
				DD00000100000000000000AC /* PushNotificationAppDelegate.swift */,
				DD00000100000000000000AD /* ScanService.swift */,
				DD00000100000000000000AE /* EditHoldingLotSheet.swift */,
				EE00000100000000000000A3 /* SetDetailView.swift */,
				1100000100000000000000A1 /* PortfolioModels.swift */,
				1100000100000000000000A3 /* PortfolioHeroView.swift */,
				1100000100000000000000A4 /* CollectorIdentityCard.swift */,
				1100000100000000000000A5 /* PortfolioCompositionView.swift */,
				1100000100000000000000A6 /* TopHoldingsView.swift */,
				1100000100000000000000A7 /* PortfolioInsightView.swift */,
				1100000100000000000000A8 /* PortfolioEmptyStateView.swift */,
				1200000100000000000000A1 /* PortfolioValueChart.swift */,
				1200000100000000000000A2 /* InsightsUnlockProgress.swift */,
				1200000100000000000000A3 /* PortfolioCardGridCell.swift */,
				AA00000100000000000000B1 /* Assets.xcassets */,
				AA00000100000000000000B3 /* Info.plist */,
				AA00000100000000000000E3 /* Preview Content */,
			);
			path = PopAlphaApp;
			sourceTree = "<group>";
		};
		AA00000100000000000000E3 /* Preview Content */ = {
			isa = PBXGroup;
			children = (
				AA00000100000000000000B2 /* Preview Assets.xcassets */,
			);
			path = "Preview Content";
			sourceTree = "<group>";
		};
		AA00000100000000000000E4 /* Products */ = {
			isa = PBXGroup;
			children = (
				AA00000100000000000000C1 /* PopAlphaApp.app */,
			);
			name = Products;
			sourceTree = "<group>";
		};
/* End PBXGroup section */

/* Begin PBXNativeTarget section */
		AA00000100000000000000F1 /* PopAlphaApp */ = {
			isa = PBXNativeTarget;
			buildConfigurationList = AA00000100000000000000F5 /* Build configuration list for PBXNativeTarget "PopAlphaApp" */;
			buildPhases = (
				AA00000100000000000000F2 /* Sources */,
				AA00000100000000000000D1 /* Frameworks */,
				AA00000100000000000000F3 /* Resources */,
			);
			buildRules = (
			);
			dependencies = (
			);
			name = PopAlphaApp;
			packageProductDependencies = (
				EE00000100000000000000A2 /* PopAlphaCore */,
				FF00000100000000000000A2 /* ClerkKit */,
				9DB745282F91E43300AD2083 /* Nuke */,
				9DB7452A2F91E43300AD2083 /* NukeExtensions */,
				9DB7452C2F91E43300AD2083 /* NukeUI */,
				9DB7452E2F91E43300AD2083 /* NukeVideo */,
			);
			productName = PopAlphaApp;
			productReference = AA00000100000000000000C1 /* PopAlphaApp.app */;
			productType = "com.apple.product-type.application";
		};
/* End PBXNativeTarget section */

/* Begin PBXProject section */
		AA00000100000000000000F0 /* Project object */ = {
			isa = PBXProject;
			attributes = {
				BuildIndependentTargetsInParallel = 1;
				LastSwiftUpdateCheck = 1600;
				LastUpgradeCheck = 2630;
				TargetAttributes = {
					AA00000100000000000000F1 = {
						CreatedOnToolsVersion = 16.0;
					};
				};
			};
			buildConfigurationList = AA00000100000000000000F6 /* Build configuration list for PBXProject "PopAlphaApp" */;
			compatibilityVersion = "Xcode 14.0";
			developmentRegion = en;
			hasScannedForEncodings = 0;
			knownRegions = (
				en,
				Base,
			);
			mainGroup = AA00000100000000000000E1;
			packageReferences = (
				EE00000100000000000000A1 /* XCLocalSwiftPackageReference "." */,
				FF00000100000000000000A1 /* XCRemoteSwiftPackageReference "clerk-ios" */,
				9DB745272F91E43300AD2083 /* XCRemoteSwiftPackageReference "Nuke" */,
			);
			productRefGroup = AA00000100000000000000E4 /* Products */;
			projectDirPath = "";
			projectRoot = "";
			targets = (
				AA00000100000000000000F1 /* PopAlphaApp */,
			);
		};
/* End PBXProject section */

/* Begin PBXResourcesBuildPhase section */
		AA00000100000000000000F3 /* Resources */ = {
			isa = PBXResourcesBuildPhase;
			buildActionMask = 2147483647;
			files = (
				AA00000100000000000000E0 /* Preview Assets.xcassets in Resources */,
				AA00000100000000000000D0 /* Assets.xcassets in Resources */,
			);
			runOnlyForDeploymentPostprocessing = 0;
		};
/* End PBXResourcesBuildPhase section */

/* Begin PBXSourcesBuildPhase section */
		AA00000100000000000000F2 /* Sources */ = {
			isa = PBXSourcesBuildPhase;
			buildActionMask = 2147483647;
			files = (
				AA000001000000000000000A /* PopAlphaApp.swift in Sources */,
				AA000001000000000000000B /* ContentView.swift in Sources */,
				AA000001000000000000000C /* Theme.swift in Sources */,
				AA000001000000000000000D /* AppModels.swift in Sources */,
				AA000001000000000000000E /* MarketplaceView.swift in Sources */,
				AA000001000000000000000F /* CardDetailView.swift in Sources */,
				AA00000100000000000000A0 /* ScannerTabView.swift in Sources */,
				AA00000100000000000000B0 /* CardCell.swift in Sources */,
				AA00000100000000000000C0 /* SparklineView.swift in Sources */,
				AA00000100000000000000D2 /* SupabaseClient.swift in Sources */,
				AA00000100000000000000D3 /* CardService.swift in Sources */,
				AA00000100000000000000D6 /* InteractiveChartView.swift in Sources */,
				AA00000100000000000000E5 /* ActivityService.swift in Sources */,
				AA00000100000000000000E6 /* ActivityFeedView.swift in Sources */,
				AA00000100000000000000E7 /* ActivityEventCell.swift in Sources */,
				AA00000100000000000000EB /* WishlistService.swift in Sources */,
				BB00000100000000000000F1 /* APIClient.swift in Sources */,
				BB00000100000000000000F2 /* AuthService.swift in Sources */,
				BB00000100000000000000F3 /* SearchModels.swift in Sources */,
				BB00000100000000000000F4 /* SearchService.swift in Sources */,
				BB00000100000000000000F5 /* SearchView.swift in Sources */,
				BB00000100000000000000F6 /* SearchResultCell.swift in Sources */,
				BB00000100000000000000F7 /* ProfileService.swift in Sources */,
				BB00000100000000000000F8 /* NotificationService.swift in Sources */,
				BB00000100000000000000F9 /* ActivityCommentSheet.swift in Sources */,
				BB00000100000000000000FA /* NotificationView.swift in Sources */,
				BB00000100000000000000FB /* UserProfileView.swift in Sources */,
				CC00000100000000000000F1 /* HoldingsModels.swift in Sources */,
				CC00000100000000000000F2 /* HoldingsService.swift in Sources */,
				CC00000100000000000000F3 /* SettingsModels.swift in Sources */,
				CC00000100000000000000F4 /* SettingsService.swift in Sources */,
				CC00000100000000000000F5 /* AccountService.swift in Sources */,
				CC00000100000000000000F6 /* PortfolioView.swift in Sources */,
				CC00000100000000000000F7 /* PortfolioPositionCell.swift in Sources */,
				CC00000100000000000000F8 /* AddHoldingSheet.swift in Sources */,
				CC00000100000000000000F9 /* WatchlistView.swift in Sources */,
				CC00000100000000000000FA /* WatchlistButton.swift in Sources */,
				CC00000100000000000000FB /* SettingsView.swift in Sources */,
				DD00000100000000000000F1 /* SignalBoardView.swift in Sources */,
				DD00000100000000000000F2 /* Haptics.swift in Sources */,
				DD00000100000000000000F3 /* PersonalizationService.swift in Sources */,
				DD00000100000000000000F4 /* PersonalizedInsightCardView.swift in Sources */,
				DD00000100000000000000F5 /* RationaleChip.swift in Sources */,
				DD00000100000000000000F6 /* PersonalPulseSection.swift in Sources */,
				DD00000100000000000000F7 /* ForYouRail.swift in Sources */,
				DD00000100000000000000F8 /* MarketPulseSection.swift in Sources */,
				DD00000100000000000000FB /* PushService.swift in Sources */,
				DD00000100000000000000FC /* PushNotificationAppDelegate.swift in Sources */,
				DD00000100000000000000FD /* ScanService.swift in Sources */,
				DD00000100000000000000FE /* EditHoldingLotSheet.swift in Sources */,
				EE00000100000000000000F2 /* SetDetailView.swift in Sources */,
				1100000100000000000000F1 /* PortfolioModels.swift in Sources */,
				1100000100000000000000F3 /* PortfolioHeroView.swift in Sources */,
				1100000100000000000000F4 /* CollectorIdentityCard.swift in Sources */,
				1100000100000000000000F5 /* PortfolioCompositionView.swift in Sources */,
				1100000100000000000000F6 /* TopHoldingsView.swift in Sources */,
				1100000100000000000000F7 /* PortfolioInsightView.swift in Sources */,
				1100000100000000000000F8 /* PortfolioEmptyStateView.swift in Sources */,
				1200000100000000000000F1 /* PortfolioValueChart.swift in Sources */,
				1200000100000000000000F2 /* InsightsUnlockProgress.swift in Sources */,
				1200000100000000000000F3 /* PortfolioCardGridCell.swift in Sources */,
			);
			runOnlyForDeploymentPostprocessing = 0;
		};
/* End PBXSourcesBuildPhase section */

/* Begin XCBuildConfiguration section */
		AA00000100000000000001A1 /* Debug */ = {
			isa = XCBuildConfiguration;
			buildSettings = {
				ALWAYS_SEARCH_USER_PATHS = NO;
				ASSETCATALOG_COMPILER_GENERATE_SWIFT_ASSET_SYMBOL_EXTENSIONS = YES;
				CLANG_ANALYZER_NONNULL = YES;
				CLANG_ANALYZER_NUMBER_OBJECT_CONVERSION = YES_AGGRESSIVE;
				CLANG_CXX_LANGUAGE_STANDARD = "gnu++20";
				CLANG_ENABLE_MODULES = YES;
				CLANG_ENABLE_OBJC_ARC = YES;
				CLANG_ENABLE_OBJC_WEAK = YES;
				CLANG_WARN_BLOCK_CAPTURE_AUTORELEASING = YES;
				CLANG_WARN_BOOL_CONVERSION = YES;
				CLANG_WARN_COMMA = YES;
				CLANG_WARN_CONSTANT_CONVERSION = YES;
				CLANG_WARN_DEPRECATED_OBJC_IMPLEMENTATIONS = YES;
				CLANG_WARN_DIRECT_OBJC_ISA_USAGE = YES_ERROR;
				CLANG_WARN_DOCUMENTATION_COMMENTS = YES;
				CLANG_WARN_EMPTY_BODY = YES;
				CLANG_WARN_ENUM_CONVERSION = YES;
				CLANG_WARN_INFINITE_RECURSION = YES;
				CLANG_WARN_INT_CONVERSION = YES;
				CLANG_WARN_NON_LITERAL_NULL_CONVERSION = YES;
				CLANG_WARN_OBJC_IMPLICIT_RETAIN_SELF = YES;
				CLANG_WARN_OBJC_LITERAL_CONVERSION = YES;
				CLANG_WARN_OBJC_ROOT_CLASS = YES_ERROR;
				CLANG_WARN_QUOTED_INCLUDE_IN_FRAMEWORK_HEADER = YES;
				CLANG_WARN_RANGE_LOOP_ANALYSIS = YES;
				CLANG_WARN_STRICT_PROTOTYPES = YES;
				CLANG_WARN_SUSPICIOUS_MOVE = YES;
				CLANG_WARN_UNGUARDED_AVAILABILITY = YES_AGGRESSIVE;
				CLANG_WARN_UNREACHABLE_CODE = YES;
				CLANG_WARN__DUPLICATE_METHOD_MATCH = YES;
				COPY_PHASE_STRIP = NO;
				DEBUG_INFORMATION_FORMAT = dwarf;
				ENABLE_STRICT_OBJC_MSGSEND = YES;
				ENABLE_TESTABILITY = YES;
				ENABLE_USER_SCRIPT_SANDBOXING = YES;
				GCC_C_LANGUAGE_STANDARD = gnu17;
				GCC_DYNAMIC_NO_PIC = NO;
				GCC_NO_COMMON_BLOCKS = YES;
				GCC_OPTIMIZATION_LEVEL = 0;
				GCC_PREPROCESSOR_DEFINITIONS = (
					"DEBUG=1",
					"$(inherited)",
				);
				GCC_WARN_64_TO_32_BIT_CONVERSION = YES;
				GCC_WARN_ABOUT_RETURN_TYPE = YES_ERROR;
				GCC_WARN_UNDECLARED_SELECTOR = YES;
				GCC_WARN_UNINITIALIZED_AUTOS = YES_AGGRESSIVE;
				GCC_WARN_UNUSED_FUNCTION = YES;
				GCC_WARN_UNUSED_VARIABLE = YES;
				IPHONEOS_DEPLOYMENT_TARGET = 17.0;
				MTL_ENABLE_DEBUG_INFO = INCLUDE_SOURCE;
				MTL_FAST_MATH = YES;
				ONLY_ACTIVE_ARCH = YES;
				SDKROOT = iphoneos;
				STRING_CATALOG_GENERATE_SYMBOLS = YES;
				SWIFT_ACTIVE_COMPILATION_CONDITIONS = "DEBUG $(inherited)";
				SWIFT_OPTIMIZATION_LEVEL = "-Onone";
			};
			name = Debug;
		};
		AA00000100000000000001A2 /* Release */ = {
			isa = XCBuildConfiguration;
			buildSettings = {
				ALWAYS_SEARCH_USER_PATHS = NO;
				ASSETCATALOG_COMPILER_GENERATE_SWIFT_ASSET_SYMBOL_EXTENSIONS = YES;
				CLANG_ANALYZER_NONNULL = YES;
				CLANG_ANALYZER_NUMBER_OBJECT_CONVERSION = YES_AGGRESSIVE;
				CLANG_CXX_LANGUAGE_STANDARD = "gnu++20";
				CLANG_ENABLE_MODULES = YES;
				CLANG_ENABLE_OBJC_ARC = YES;
				CLANG_ENABLE_OBJC_WEAK = YES;
				CLANG_WARN_BLOCK_CAPTURE_AUTORELEASING = YES;
				CLANG_WARN_BOOL_CONVERSION = YES;
				CLANG_WARN_COMMA = YES;
				CLANG_WARN_CONSTANT_CONVERSION = YES;
				CLANG_WARN_DEPRECATED_OBJC_IMPLEMENTATIONS = YES;
				CLANG_WARN_DIRECT_OBJC_ISA_USAGE = YES_ERROR;
				CLANG_WARN_DOCUMENTATION_COMMENTS = YES;
				CLANG_WARN_EMPTY_BODY = YES;
				CLANG_WARN_ENUM_CONVERSION = YES;
				CLANG_WARN_INFINITE_RECURSION = YES;
				CLANG_WARN_INT_CONVERSION = YES;
				CLANG_WARN_NON_LITERAL_NULL_CONVERSION = YES;
				CLANG_WARN_OBJC_IMPLICIT_RETAIN_SELF = YES;
				CLANG_WARN_OBJC_LITERAL_CONVERSION = YES;
				CLANG_WARN_OBJC_ROOT_CLASS = YES_ERROR;
				CLANG_WARN_QUOTED_INCLUDE_IN_FRAMEWORK_HEADER = YES;
				CLANG_WARN_RANGE_LOOP_ANALYSIS = YES;
				CLANG_WARN_STRICT_PROTOTYPES = YES;
				CLANG_WARN_SUSPICIOUS_MOVE = YES;
				CLANG_WARN_UNGUARDED_AVAILABILITY = YES_AGGRESSIVE;
				CLANG_WARN_UNREACHABLE_CODE = YES;
				CLANG_WARN__DUPLICATE_METHOD_MATCH = YES;
				COPY_PHASE_STRIP = NO;
				DEBUG_INFORMATION_FORMAT = "dwarf-with-dsym";
				ENABLE_NS_ASSERTIONS = NO;
				ENABLE_STRICT_OBJC_MSGSEND = YES;
				ENABLE_USER_SCRIPT_SANDBOXING = YES;
				GCC_C_LANGUAGE_STANDARD = gnu17;
				GCC_NO_COMMON_BLOCKS = YES;
				GCC_WARN_64_TO_32_BIT_CONVERSION = YES;
				GCC_WARN_ABOUT_RETURN_TYPE = YES_ERROR;
				GCC_WARN_UNDECLARED_SELECTOR = YES;
				GCC_WARN_UNINITIALIZED_AUTOS = YES_AGGRESSIVE;
				GCC_WARN_UNUSED_FUNCTION = YES;
				GCC_WARN_UNUSED_VARIABLE = YES;
				IPHONEOS_DEPLOYMENT_TARGET = 17.0;
				MTL_ENABLE_DEBUG_INFO = NO;
				MTL_FAST_MATH = YES;
				SDKROOT = iphoneos;
				STRING_CATALOG_GENERATE_SYMBOLS = YES;
				SWIFT_COMPILATION_MODE = wholemodule;
				VALIDATE_PRODUCT = YES;
			};
			name = Release;
		};
		AA00000100000000000001B1 /* Debug */ = {
			isa = XCBuildConfiguration;
			buildSettings = {
				ASSETCATALOG_COMPILER_APPICON_NAME = AppIcon;
				ASSETCATALOG_COMPILER_GLOBAL_ACCENT_COLOR_NAME = AccentColor;
				CODE_SIGN_ENTITLEMENTS = PopAlphaApp/PopAlphaApp.entitlements;
				CODE_SIGN_STYLE = Automatic;
				CURRENT_PROJECT_VERSION = 1;
				DEVELOPMENT_ASSET_PATHS = "\"PopAlphaApp/Preview Content\"";
				DEVELOPMENT_TEAM = SR5AZXDJC3;
				ENABLE_PREVIEWS = YES;
				GENERATE_INFOPLIST_FILE = YES;
				INFOPLIST_FILE = PopAlphaApp/Info.plist;
				INFOPLIST_KEY_CFBundleDisplayName = PopAlpha;
				INFOPLIST_KEY_LSApplicationCategoryType = "public.app-category.shopping";
				INFOPLIST_KEY_NSCameraUsageDescription = "PopAlpha uses the camera to scan and identify collectible cards.";
				INFOPLIST_KEY_UIApplicationSceneManifest_Generation = YES;
				INFOPLIST_KEY_UIApplicationSupportsIndirectInputEvents = YES;
				INFOPLIST_KEY_UILaunchScreen_Generation = YES;
				INFOPLIST_KEY_UISupportedInterfaceOrientations = UIInterfaceOrientationPortrait;
				INFOPLIST_KEY_UISupportedInterfaceOrientations_iPad = "UIInterfaceOrientationPortrait UIInterfaceOrientationPortraitUpsideDown";
				INFOPLIST_KEY_UIUserInterfaceStyle = Dark;
				LD_RUNPATH_SEARCH_PATHS = (
					"$(inherited)",
					"@executable_path/Frameworks",
				);
				MARKETING_VERSION = 0.9.0;
				PRODUCT_BUNDLE_IDENTIFIER = ai.popalpha.ios;
				PRODUCT_NAME = "$(TARGET_NAME)";
				SUPPORTED_PLATFORMS = "iphoneos iphonesimulator";
				SUPPORTS_MACCATALYST = NO;
				SWIFT_EMIT_LOC_STRINGS = YES;
				SWIFT_VERSION = 5.0;
				TARGETED_DEVICE_FAMILY = "1,2";
			};
			name = Debug;
		};
		AA00000100000000000001B2 /* Release */ = {
			isa = XCBuildConfiguration;
			buildSettings = {
				ASSETCATALOG_COMPILER_APPICON_NAME = AppIcon;
				ASSETCATALOG_COMPILER_GLOBAL_ACCENT_COLOR_NAME = AccentColor;
				CODE_SIGN_ENTITLEMENTS = PopAlphaApp/PopAlphaApp.entitlements;
				CODE_SIGN_IDENTITY = "Apple Development";
				CODE_SIGN_STYLE = Automatic;
				CURRENT_PROJECT_VERSION = 1;
				DEVELOPMENT_ASSET_PATHS = "\"PopAlphaApp/Preview Content\"";
				DEVELOPMENT_TEAM = SR5AZXDJC3;
				ENABLE_PREVIEWS = YES;
				GENERATE_INFOPLIST_FILE = YES;
				INFOPLIST_FILE = PopAlphaApp/Info.plist;
				INFOPLIST_KEY_CFBundleDisplayName = PopAlpha;
				INFOPLIST_KEY_LSApplicationCategoryType = "public.app-category.shopping";
				INFOPLIST_KEY_NSCameraUsageDescription = "PopAlpha uses the camera to scan and identify collectible cards.";
				INFOPLIST_KEY_UIApplicationSceneManifest_Generation = YES;
				INFOPLIST_KEY_UIApplicationSupportsIndirectInputEvents = YES;
				INFOPLIST_KEY_UILaunchScreen_Generation = YES;
				INFOPLIST_KEY_UISupportedInterfaceOrientations = UIInterfaceOrientationPortrait;
				INFOPLIST_KEY_UISupportedInterfaceOrientations_iPad = "UIInterfaceOrientationPortrait UIInterfaceOrientationPortraitUpsideDown";
				INFOPLIST_KEY_UIUserInterfaceStyle = Dark;
				LD_RUNPATH_SEARCH_PATHS = (
					"$(inherited)",
					"@executable_path/Frameworks",
				);
				MARKETING_VERSION = 0.9.0;
				PRODUCT_BUNDLE_IDENTIFIER = ai.popalpha.ios;
				PRODUCT_NAME = "$(TARGET_NAME)";
				PROVISIONING_PROFILE_SPECIFIER = "";
				SUPPORTED_PLATFORMS = "iphoneos iphonesimulator";
				SUPPORTS_MACCATALYST = NO;
				SWIFT_EMIT_LOC_STRINGS = YES;
				SWIFT_VERSION = 5.0;
				TARGETED_DEVICE_FAMILY = "1,2";
			};
			name = Release;
		};
/* End XCBuildConfiguration section */

/* Begin XCConfigurationList section */
		AA00000100000000000000F5 /* Build configuration list for PBXNativeTarget "PopAlphaApp" */ = {
			isa = XCConfigurationList;
			buildConfigurations = (
				AA00000100000000000001B1 /* Debug */,
				AA00000100000000000001B2 /* Release */,
			);
			defaultConfigurationIsVisible = 0;
			defaultConfigurationName = Release;
		};
		AA00000100000000000000F6 /* Build configuration list for PBXProject "PopAlphaApp" */ = {
			isa = XCConfigurationList;
			buildConfigurations = (
				AA00000100000000000001A1 /* Debug */,
				AA00000100000000000001A2 /* Release */,
			);
			defaultConfigurationIsVisible = 0;
			defaultConfigurationName = Release;
		};
/* End XCConfigurationList section */

/* Begin XCLocalSwiftPackageReference section */
		EE00000100000000000000A1 /* XCLocalSwiftPackageReference "." */ = {
			isa = XCLocalSwiftPackageReference;
			relativePath = .;
		};
/* End XCLocalSwiftPackageReference section */

/* Begin XCRemoteSwiftPackageReference section */
		9DB745272F91E43300AD2083 /* XCRemoteSwiftPackageReference "Nuke" */ = {
			isa = XCRemoteSwiftPackageReference;
			repositoryURL = "https://github.com/kean/Nuke";
			requirement = {
				kind = upToNextMajorVersion;
				minimumVersion = 12.0.0;
			};
		};
		FF00000100000000000000A1 /* XCRemoteSwiftPackageReference "clerk-ios" */ = {
			isa = XCRemoteSwiftPackageReference;
			repositoryURL = "https://github.com/clerk/clerk-ios";
			requirement = {
				kind = upToNextMajorVersion;
				minimumVersion = 1.0.0;
			};
		};
/* End XCRemoteSwiftPackageReference section */

/* Begin XCSwiftPackageProductDependency section */
		9DB745282F91E43300AD2083 /* Nuke */ = {
			isa = XCSwiftPackageProductDependency;
			package = 9DB745272F91E43300AD2083 /* XCRemoteSwiftPackageReference "Nuke" */;
			productName = Nuke;
		};
		9DB7452A2F91E43300AD2083 /* NukeExtensions */ = {
			isa = XCSwiftPackageProductDependency;
			package = 9DB745272F91E43300AD2083 /* XCRemoteSwiftPackageReference "Nuke" */;
			productName = NukeExtensions;
		};
		9DB7452C2F91E43300AD2083 /* NukeUI */ = {
			isa = XCSwiftPackageProductDependency;
			package = 9DB745272F91E43300AD2083 /* XCRemoteSwiftPackageReference "Nuke" */;
			productName = NukeUI;
		};
		9DB7452E2F91E43300AD2083 /* NukeVideo */ = {
			isa = XCSwiftPackageProductDependency;
			package = 9DB745272F91E43300AD2083 /* XCRemoteSwiftPackageReference "Nuke" */;
			productName = NukeVideo;
		};
		EE00000100000000000000A2 /* PopAlphaCore */ = {
			isa = XCSwiftPackageProductDependency;
			package = EE00000100000000000000A1 /* XCLocalSwiftPackageReference "." */;
			productName = PopAlphaCore;
		};
		FF00000100000000000000A2 /* ClerkKit */ = {
			isa = XCSwiftPackageProductDependency;
			package = FF00000100000000000000A1 /* XCRemoteSwiftPackageReference "clerk-ios" */;
			productName = ClerkKit;
		};
/* End XCSwiftPackageProductDependency section */
	};
	rootObject = AA00000100000000000000F0 /* Project object */;
}
